// !$*UTF8*$!
{
	archiveVersion = 1;
	classes = {
	};
	objectVersion = 46;
	objects = {

/* Begin PBXBuildFile section */
		409E9BC819E0A39E005FF006 /* AppDelegate.swift in Sources */ = {isa = PBXBuildFile; fileRef = 409E9BC719E0A39E005FF006 /* AppDelegate.swift */; };
		409E9BCA19E0A39E005FF006 /* ViewController.swift in Sources */ = {isa = PBXBuildFile; fileRef = 409E9BC919E0A39E005FF006 /* ViewController.swift */; };
		409E9BCD19E0A39E005FF006 /* Main.storyboard in Resources */ = {isa = PBXBuildFile; fileRef = 409E9BCB19E0A39E005FF006 /* Main.storyboard */; };
		409E9BCF19E0A39E005FF006 /* Images.xcassets in Resources */ = {isa = PBXBuildFile; fileRef = 409E9BCE19E0A39E005FF006 /* Images.xcassets */; };
		409E9BD219E0A39E005FF006 /* LaunchScreen.xib in Resources */ = {isa = PBXBuildFile; fileRef = 409E9BD019E0A39E005FF006 /* LaunchScreen.xib */; };
		409E9BDE19E0A39E005FF006 /* Hallo_WeltTests.swift in Sources */ = {isa = PBXBuildFile; fileRef = 409E9BDD19E0A39E005FF006 /* Hallo_WeltTests.swift */; };
/* End PBXBuildFile section */

/* Begin PBXContainerItemProxy section */
		409E9BD819E0A39E005FF006 /* PBXContainerItemProxy */ = {
			isa = PBXContainerItemProxy;
			containerPortal = 409E9BBA19E0A39E005FF006 /* Project object */;
			proxyType = 1;
			remoteGlobalIDString = 409E9BC119E0A39E005FF006;
			remoteInfo = "Hallo Welt";
		};
/* End PBXContainerItemProxy section */

/* Begin PBXFileReference section */
		409E9BC219E0A39E005FF006 /* Hallo Welt.app */ = {isa = PBXFileReference; explicitFileType = wrapper.application; includeInIndex = 0; path = "Hallo Welt.app"; sourceTree = BUILT_PRODUCTS_DIR; };
		409E9BC619E0A39E005FF006 /* Info.plist */ = {isa = PBXFileReference; lastKnownFileType = text.plist.xml; path = Info.plist; sourceTree = "<group>"; };
		409E9BC719E0A39E005FF006 /* AppDelegate.swift */ = {isa = PBXFileReference; lastKnownFileType = sourcecode.swift; path = AppDelegate.swift; sourceTree = "<group>"; };
		409E9BC919E0A39E005FF006 /* ViewController.swift */ = {isa = PBXFileReference; lastKnownFileType = sourcecode.swift; path = ViewController.swift; sourceTree = "<group>"; };
		409E9BCC19E0A39E005FF006 /* Base */ = {isa = PBXFileReference; lastKnownFileType = file.storyboard; name = Base; path = Base.lproj/Main.storyboard; sourceTree = "<group>"; };
		409E9BCE19E0A39E005FF006 /* Images.xcassets */ = {isa = PBXFileReference; lastKnownFileType = folder.assetcatalog; path = Images.xcassets; sourceTree = "<group>"; };
		409E9BD119E0A39E005FF006 /* Base */ = {isa = PBXFileReference; lastKnownFileType = file.xib; name = Base; path = Base.lproj/LaunchScreen.xib; sourceTree = "<group>"; };
		409E9BD719E0A39E005FF006 /* Hallo WeltTests.xctest */ = {isa = PBXFileReference; explicitFileType = wrapper.cfbundle; includeInIndex = 0; path = "Hallo WeltTests.xctest"; sourceTree = BUILT_PRODUCTS_DIR; };
		409E9BDC19E0A39E005FF006 /* Info.plist */ = {isa = PBXFileReference; lastKnownFileType = text.plist.xml; path = Info.plist; sourceTree = "<group>"; };
		409E9BDD19E0A39E005FF006 /* Hallo_WeltTests.swift */ = {isa = PBXFileReference; lastKnownFileType = sourcecode.swift; path = Hallo_WeltTests.swift; sourceTree = "<group>"; };
/* End PBXFileReference section */

/* Begin PBXFrameworksBuildPhase section */
		409E9BBF19E0A39E005FF006 /* Frameworks */ = {
			isa = PBXFrameworksBuildPhase;
			buildActionMask = 2147483647;
			files = (
			);
			runOnlyForDeploymentPostprocessing = 0;
		};
		409E9BD419E0A39E005FF006 /* Frameworks */ = {
			isa = PBXFrameworksBuildPhase;
			buildActionMask = 2147483647;
			files = (
			);
			runOnlyForDeploymentPostprocessing = 0;
		};
/* End PBXFrameworksBuildPhase section */

/* Begin PBXGroup section */
		409E9BB919E0A39E005FF006 = {
			isa = PBXGroup;
			children = (
				409E9BC419E0A39E005FF006 /* Hallo Welt */,
				409E9BDA19E0A39E005FF006 /* Hallo WeltTests */,
				409E9BC319E0A39E005FF006 /* Products */,
			);
			sourceTree = "<group>";
		};
		409E9BC319E0A39E005FF006 /* Products */ = {
			isa = PBXGroup;
			children = (
				409E9BC219E0A39E005FF006 /* Hallo Welt.app */,
				409E9BD719E0A39E005FF006 /* Hallo WeltTests.xctest */,
			);
			name = Products;
			sourceTree = "<group>";
		};
		409E9BC419E0A39E005FF006 /* Hallo Welt */ = {
			isa = PBXGroup;
			children = (
				409E9BC719E0A39E005FF006 /* AppDelegate.swift */,
				409E9BC919E0A39E005FF006 /* ViewController.swift */,
				409E9BCB19E0A39E005FF006 /* Main.storyboard */,
				409E9BCE19E0A39E005FF006 /* Images.xcassets */,
				409E9BD019E0A39E005FF006 /* LaunchScreen.xib */,
				409E9BC519E0A39E005FF006 /* Supporting Files */,
			);
			path = "Hallo Welt";
			sourceTree = "<group>";
		};
		409E9BC519E0A39E005FF006 /* Supporting Files */ = {
			isa = PBXGroup;
			children = (
				409E9BC619E0A39E005FF006 /* Info.plist */,
			);
			name = "Supporting Files";
			sourceTree = "<group>";
		};
		409E9BDA19E0A39E005FF006 /* Hallo WeltTests */ = {
			isa = PBXGroup;
			children = (
				409E9BDD19E0A39E005FF006 /* Hallo_WeltTests.swift */,
				409E9BDB19E0A39E005FF006 /* Supporting Files */,
			);
			path = "Hallo WeltTests";
			sourceTree = "<group>";
		};
		409E9BDB19E0A39E005FF006 /* Supporting Files */ = {
			isa = PBXGroup;
			children = (
				409E9BDC19E0A39E005FF006 /* Info.plist */,
			);
			name = "Supporting Files";
			sourceTree = "<group>";
		};
/* End PBXGroup section */

/* Begin PBXNativeTarget section */
		409E9BC119E0A39E005FF006 /* Hallo Welt */ = {
			isa = PBXNativeTarget;
			buildConfigurationList = 409E9BE119E0A39E005FF006 /* Build configuration list for PBXNativeTarget "Hallo Welt" */;
			buildPhases = (
				409E9BBE19E0A39E005FF006 /* Sources */,
				409E9BBF19E0A39E005FF006 /* Frameworks */,
				409E9BC019E0A39E005FF006 /* Resources */,
			);
			buildRules = (
			);
			dependencies = (
			);
			name = "Hallo Welt";
			productName = "Hallo Welt";
			productReference = 409E9BC219E0A39E005FF006 /* Hallo Welt.app */;
			productType = "com.apple.product-type.application";
		};
		409E9BD619E0A39E005FF006 /* Hallo WeltTests */ = {
			isa = PBXNativeTarget;
			buildConfigurationList = 409E9BE419E0A39E005FF006 /* Build configuration list for PBXNativeTarget "Hallo WeltTests" */;
			buildPhases = (
				409E9BD319E0A39E005FF006 /* Sources */,
				409E9BD419E0A39E005FF006 /* Frameworks */,
				409E9BD519E0A39E005FF006 /* Resources */,
			);
			buildRules = (
			);
			dependencies = (
				409E9BD919E0A39E005FF006 /* PBXTargetDependency */,
			);
			name = "Hallo WeltTests";
			productName = "Hallo WeltTests";
			productReference = 409E9BD719E0A39E005FF006 /* Hallo WeltTests.xctest */;
			productType = "com.apple.product-type.bundle.unit-test";
		};
/* End PBXNativeTarget section */

/* Begin PBXProject section */
		409E9BBA19E0A39E005FF006 /* Project object */ = {
			isa = PBXProject;
			attributes = {
				LastUpgradeCheck = 0610;
				ORGANIZATIONNAME = Cocaneheads;
				TargetAttributes = {
					409E9BC119E0A39E005FF006 = {
						CreatedOnToolsVersion = 6.1;
					};
					409E9BD619E0A39E005FF006 = {
						CreatedOnToolsVersion = 6.1;
						TestTargetID = 409E9BC119E0A39E005FF006;
					};
				};
			};
			buildConfigurationList = 409E9BBD19E0A39E005FF006 /* Build configuration list for PBXProject "Hallo Welt" */;
			compatibilityVersion = "Xcode 3.2";
			developmentRegion = English;
			hasScannedForEncodings = 0;
			knownRegions = (
				en,
				Base,
			);
			mainGroup = 409E9BB919E0A39E005FF006;
			productRefGroup = 409E9BC319E0A39E005FF006 /* Products */;
			projectDirPath = "";
			projectRoot = "";
			targets = (
				409E9BC119E0A39E005FF006 /* Hallo Welt */,
				409E9BD619E0A39E005FF006 /* Hallo WeltTests */,
			);
		};
/* End PBXProject section */

/* Begin PBXResourcesBuildPhase section */
		409E9BC019E0A39E005FF006 /* Resources */ = {
			isa = PBXResourcesBuildPhase;
			buildActionMask = 2147483647;
			files = (
				409E9BCD19E0A39E005FF006 /* Main.storyboard in Resources */,
				409E9BD219E0A39E005FF006 /* LaunchScreen.xib in Resources */,
				409E9BCF19E0A39E005FF006 /* Images.xcassets in Resources */,
			);
			runOnlyForDeploymentPostprocessing = 0;
		};
		409E9BD519E0A39E005FF006 /* Resources */ = {
			isa = PBXResourcesBuildPhase;
			buildActionMask = 2147483647;
			files = (
			);
			runOnlyForDeploymentPostprocessing = 0;
		};
/* End PBXResourcesBuildPhase section */

/* Begin PBXSourcesBuildPhase section */
		409E9BBE19E0A39E005FF006 /* Sources */ = {
			isa = PBXSourcesBuildPhase;
			buildActionMask = 2147483647;
			files = (
				409E9BCA19E0A39E005FF006 /* ViewController.swift in Sources */,
				409E9BC819E0A39E005FF006 /* AppDelegate.swift in Sources */,
			);
			runOnlyForDeploymentPostprocessing = 0;
		};
		409E9BD319E0A39E005FF006 /* Sources */ = {
			isa = PBXSourcesBuildPhase;
			buildActionMask = 2147483647;
			files = (
				409E9BDE19E0A39E005FF006 /* Hallo_WeltTests.swift in Sources */,
			);
			runOnlyForDeploymentPostprocessing = 0;
		};
/* End PBXSourcesBuildPhase section */

/* Begin PBXTargetDependency section */
		409E9BD919E0A39E005FF006 /* PBXTargetDependency */ = {
			isa = PBXTargetDependency;
			target = 409E9BC119E0A39E005FF006 /* Hallo Welt */;
			targetProxy = 409E9BD819E0A39E005FF006 /* PBXContainerItemProxy */;
		};
/* End PBXTargetDependency section */

/* Begin PBXVariantGroup section */
		409E9BCB19E0A39E005FF006 /* Main.storyboard */ = {
			isa = PBXVariantGroup;
			children = (
				409E9BCC19E0A39E005FF006 /* Base */,
			);
			name = Main.storyboard;
			sourceTree = "<group>";
		};
		409E9BD019E0A39E005FF006 /* LaunchScreen.xib */ = {
			isa = PBXVariantGroup;
			children = (
				409E9BD119E0A39E005FF006 /* Base */,
			);
			name = LaunchScreen.xib;
			sourceTree = "<group>";
		};
/* End PBXVariantGroup section */

/* Begin XCBuildConfiguration section */
		409E9BDF19E0A39E005FF006 /* Debug */ = {
			isa = XCBuildConfiguration;
			buildSettings = {
				ALWAYS_SEARCH_USER_PATHS = NO;
				CLANG_CXX_LANGUAGE_STANDARD = "gnu++0x";
				CLANG_CXX_LIBRARY = "libc++";
				CLANG_ENABLE_MODULES = YES;
				CLANG_ENABLE_OBJC_ARC = YES;
				CLANG_WARN_BOOL_CONVERSION = YES;
				CLANG_WARN_CONSTANT_CONVERSION = YES;
				CLANG_WARN_DIRECT_OBJC_ISA_USAGE = YES_ERROR;
				CLANG_WARN_EMPTY_BODY = YES;
				CLANG_WARN_ENUM_CONVERSION = YES;
				CLANG_WARN_INT_CONVERSION = YES;
				CLANG_WARN_OBJC_ROOT_CLASS = YES_ERROR;
				CLANG_WARN_UNREACHABLE_CODE = YES;
				CLANG_WARN__DUPLICATE_METHOD_MATCH = YES;
				"CODE_SIGN_IDENTITY[sdk=iphoneos*]" = "iPhone Developer";
				COPY_PHASE_STRIP = NO;
				ENABLE_STRICT_OBJC_MSGSEND = YES;
				GCC_C_LANGUAGE_STANDARD = gnu99;
				GCC_DYNAMIC_NO_PIC = NO;
				GCC_OPTIMIZATION_LEVEL = 0;
				GCC_PREPROCESSOR_DEFINITIONS = (
					"DEBUG=1",
					"$(inherited)",
				);
				GCC_SYMBOLS_PRIVATE_EXTERN = NO;
				GCC_WARN_64_TO_32_BIT_CONVERSION = YES;
				GCC_WARN_ABOUT_RETURN_TYPE = YES_ERROR;
				GCC_WARN_UNDECLARED_SELECTOR = YES;
				GCC_WARN_UNINITIALIZED_AUTOS = YES_AGGRESSIVE;
				GCC_WARN_UNUSED_FUNCTION = YES;
				GCC_WARN_UNUSED_VARIABLE = YES;
				IPHONEOS_DEPLOYMENT_TARGET = 8.1;
				MTL_ENABLE_DEBUG_INFO = YES;
				ONLY_ACTIVE_ARCH = YES;
				SDKROOT = iphoneos;
				SWIFT_OPTIMIZATION_LEVEL = "-Onone";
			};
			name = Debug;
		};
		409E9BE019E0A39E005FF006 /* Release */ = {
			isa = XCBuildConfiguration;
			buildSettings = {
				ALWAYS_SEARCH_USER_PATHS = NO;
				CLANG_CXX_LANGUAGE_STANDARD = "gnu++0x";
				CLANG_CXX_LIBRARY = "libc++";
				CLANG_ENABLE_MODULES = YES;
				CLANG_ENABLE_OBJC_ARC = YES;
				CLANG_WARN_BOOL_CONVERSION = YES;
				CLANG_WARN_CONSTANT_CONVERSION = YES;
				CLANG_WARN_DIRECT_OBJC_ISA_USAGE = YES_ERROR;
				CLANG_WARN_EMPTY_BODY = YES;
				CLANG_WARN_ENUM_CONVERSION = YES;
				CLANG_WARN_INT_CONVERSION = YES;
				CLANG_WARN_OBJC_ROOT_CLASS = YES_ERROR;
				CLANG_WARN_UNREACHABLE_CODE = YES;
				CLANG_WARN__DUPLICATE_METHOD_MATCH = YES;
				"CODE_SIGN_IDENTITY[sdk=iphoneos*]" = "iPhone Developer";
				COPY_PHASE_STRIP = YES;
				ENABLE_NS_ASSERTIONS = NO;
				ENABLE_STRICT_OBJC_MSGSEND = YES;
				GCC_C_LANGUAGE_STANDARD = gnu99;
				GCC_WARN_64_TO_32_BIT_CONVERSION = YES;
				GCC_WARN_ABOUT_RETURN_TYPE = YES_ERROR;
				GCC_WARN_UNDECLARED_SELECTOR = YES;
				GCC_WARN_UNINITIALIZED_AUTOS = YES_AGGRESSIVE;
				GCC_WARN_UNUSED_FUNCTION = YES;
				GCC_WARN_UNUSED_VARIABLE = YES;
				IPHONEOS_DEPLOYMENT_TARGET = 8.1;
				MTL_ENABLE_DEBUG_INFO = NO;
				SDKROOT = iphoneos;
				VALIDATE_PRODUCT = YES;
			};
			name = Release;
		};
		409E9BE219E0A39E005FF006 /* Debug */ = {
			isa = XCBuildConfiguration;
			buildSettings = {
				ASSETCATALOG_COMPILER_APPICON_NAME = AppIcon;
				INFOPLIST_FILE = "Hallo Welt/Info.plist";
				LD_RUNPATH_SEARCH_PATHS = "$(inherited) @executable_path/Frameworks";
				PRODUCT_NAME = "$(TARGET_NAME)";
			};
			name = Debug;
		};
		409E9BE319E0A39E005FF006 /* Release */ = {
			isa = XCBuildConfiguration;
			buildSettings = {
				ASSETCATALOG_COMPILER_APPICON_NAME = AppIcon;
				INFOPLIST_FILE = "Hallo Welt/Info.plist";
				LD_RUNPATH_SEARCH_PATHS = "$(inherited) @executable_path/Frameworks";
				PRODUCT_NAME = "$(TARGET_NAME)";
			};
			name = Release;
		};
		409E9BE519E0A39E005FF006 /* Debug */ = {
			isa = XCBuildConfiguration;
			buildSettings = {
				BUNDLE_LOADER = "$(TEST_HOST)";
				FRAMEWORK_SEARCH_PATHS = (
					"$(SDKROOT)/Developer/Library/Frameworks",
					"$(inherited)",
				);
				GCC_PREPROCESSOR_DEFINITIONS = (
					"DEBUG=1",
					"$(inherited)",
				);
				INFOPLIST_FILE = "Hallo WeltTests/Info.plist";
				LD_RUNPATH_SEARCH_PATHS = "$(inherited) @executable_path/Frameworks @loader_path/Frameworks";
				PRODUCT_NAME = "$(TARGET_NAME)";
				TEST_HOST = "$(BUILT_PRODUCTS_DIR)/Hallo Welt.app/Hallo Welt";
			};
			name = Debug;
		};
		409E9BE619E0A39E005FF006 /* Release */ = {
			isa = XCBuildConfiguration;
			buildSettings = {
				BUNDLE_LOADER = "$(TEST_HOST)";
				FRAMEWORK_SEARCH_PATHS = (
					"$(SDKROOT)/Developer/Library/Frameworks",
					"$(inherited)",
				);
				INFOPLIST_FILE = "Hallo WeltTests/Info.plist";
				LD_RUNPATH_SEARCH_PATHS = "$(inherited) @executable_path/Frameworks @loader_path/Frameworks";
				PRODUCT_NAME = "$(TARGET_NAME)";
				TEST_HOST = "$(BUILT_PRODUCTS_DIR)/Hallo Welt.app/Hallo Welt";
			};
			name = Release;
		};
/* End XCBuildConfiguration section */

/* Begin XCConfigurationList section */
		409E9BBD19E0A39E005FF006 /* Build configuration list for PBXProject "Hallo Welt" */ = {
			isa = XCConfigurationList;
			buildConfigurations = (
				409E9BDF19E0A39E005FF006 /* Debug */,
				409E9BE019E0A39E005FF006 /* Release */,
			);
			defaultConfigurationIsVisible = 0;
			defaultConfigurationName = Release;
		};
		409E9BE119E0A39E005FF006 /* Build configuration list for PBXNativeTarget "Hallo Welt" */ = {
			isa = XCConfigurationList;
			buildConfigurations = (
				409E9BE219E0A39E005FF006 /* Debug */,
				409E9BE319E0A39E005FF006 /* Release */,
			);
			defaultConfigurationIsVisible = 0;
		};
		409E9BE419E0A39E005FF006 /* Build configuration list for PBXNativeTarget "Hallo WeltTests" */ = {
			isa = XCConfigurationList;
			buildConfigurations = (
				409E9BE519E0A39E005FF006 /* Debug */,
				409E9BE619E0A39E005FF006 /* Release */,
			);
			defaultConfigurationIsVisible = 0;
		};
/* End XCConfigurationList section */
	};
	rootObject = 409E9BBA19E0A39E005FF006 /* Project object */;
}
