// !$*UTF8*$!
{
	archiveVersion = 1;
	classes = {
	};
	objectVersion = 46;
	objects = {

/* Begin PBXBuildFile section */
		407147D019EB1D63003B683E /* main.m in Sources */ = {isa = PBXBuildFile; fileRef = 407147CF19EB1D63003B683E /* main.m */; };
		407147D319EB1D63003B683E /* AppDelegate.m in Sources */ = {isa = PBXBuildFile; fileRef = 407147D219EB1D63003B683E /* AppDelegate.m */; };
		407147D619EB1D63003B683E /* ViewController.m in Sources */ = {isa = PBXBuildFile; fileRef = 407147D519EB1D63003B683E /* ViewController.m */; };
		407147D919EB1D63003B683E /* Main.storyboard in Resources */ = {isa = PBXBuildFile; fileRef = 407147D719EB1D63003B683E /* Main.storyboard */; };
		407147DB19EB1D63003B683E /* Images.xcassets in Resources */ = {isa = PBXBuildFile; fileRef = 407147DA19EB1D63003B683E /* Images.xcassets */; };
		407147DE19EB1D63003B683E /* LaunchScreen.xib in Resources */ = {isa = PBXBuildFile; fileRef = 407147DC19EB1D63003B683E /* LaunchScreen.xib */; };
		407147EA19EB1D63003B683E /* Kapitel_8Tests.m in Sources */ = {isa = PBXBuildFile; fileRef = 407147E919EB1D63003B683E /* Kapitel_8Tests.m */; };
		407147F419EB1D9E003B683E /* CoreLocation.framework in Frameworks */ = {isa = PBXBuildFile; fileRef = 407147F319EB1D9E003B683E /* CoreLocation.framework */; };
		407147F619EB22AC003B683E /* CoreMotion.framework in Frameworks */ = {isa = PBXBuildFile; fileRef = 407147F519EB22AC003B683E /* CoreMotion.framework */; };
		407147F819EB2312003B683E /* Bug.png in Resources */ = {isa = PBXBuildFile; fileRef = 407147F719EB2312003B683E /* Bug.png */; };
/* End PBXBuildFile section */

/* Begin PBXContainerItemProxy section */
		407147E419EB1D63003B683E /* PBXContainerItemProxy */ = {
			isa = PBXContainerItemProxy;
			containerPortal = 407147C219EB1D63003B683E /* Project object */;
			proxyType = 1;
			remoteGlobalIDString = 407147C919EB1D63003B683E;
			remoteInfo = "Kapitel 8";
		};
/* End PBXContainerItemProxy section */

/* Begin PBXFileReference section */
		407147CA19EB1D63003B683E /* Kapitel 8.app */ = {isa = PBXFileReference; explicitFileType = wrapper.application; includeInIndex = 0; path = "Kapitel 8.app"; sourceTree = BUILT_PRODUCTS_DIR; };
		407147CE19EB1D63003B683E /* Info.plist */ = {isa = PBXFileReference; lastKnownFileType = text.plist.xml; path = Info.plist; sourceTree = "<group>"; };
		407147CF19EB1D63003B683E /* main.m */ = {isa = PBXFileReference; lastKnownFileType = sourcecode.c.objc; path = main.m; sourceTree = "<group>"; };
		407147D119EB1D63003B683E /* AppDelegate.h */ = {isa = PBXFileReference; lastKnownFileType = sourcecode.c.h; path = AppDelegate.h; sourceTree = "<group>"; };
		407147D219EB1D63003B683E /* AppDelegate.m */ = {isa = PBXFileReference; lastKnownFileType = sourcecode.c.objc; path = AppDelegate.m; sourceTree = "<group>"; };
		407147D419EB1D63003B683E /* ViewController.h */ = {isa = PBXFileReference; lastKnownFileType = sourcecode.c.h; path = ViewController.h; sourceTree = "<group>"; };
		407147D519EB1D63003B683E /* ViewController.m */ = {isa = PBXFileReference; lastKnownFileType = sourcecode.c.objc; path = ViewController.m; sourceTree = "<group>"; };
		407147D819EB1D63003B683E /* Base */ = {isa = PBXFileReference; lastKnownFileType = file.storyboard; name = Base; path = Base.lproj/Main.storyboard; sourceTree = "<group>"; };
		407147DA19EB1D63003B683E /* Images.xcassets */ = {isa = PBXFileReference; lastKnownFileType = folder.assetcatalog; path = Images.xcassets; sourceTree = "<group>"; };
		407147DD19EB1D63003B683E /* Base */ = {isa = PBXFileReference; lastKnownFileType = file.xib; name = Base; path = Base.lproj/LaunchScreen.xib; sourceTree = "<group>"; };
		407147E319EB1D63003B683E /* Kapitel 8Tests.xctest */ = {isa = PBXFileReference; explicitFileType = wrapper.cfbundle; includeInIndex = 0; path = "Kapitel 8Tests.xctest"; sourceTree = BUILT_PRODUCTS_DIR; };
		407147E819EB1D63003B683E /* Info.plist */ = {isa = PBXFileReference; lastKnownFileType = text.plist.xml; path = Info.plist; sourceTree = "<group>"; };
		407147E919EB1D63003B683E /* Kapitel_8Tests.m */ = {isa = PBXFileReference; lastKnownFileType = sourcecode.c.objc; path = Kapitel_8Tests.m; sourceTree = "<group>"; };
		407147F319EB1D9E003B683E /* CoreLocation.framework */ = {isa = PBXFileReference; lastKnownFileType = wrapper.framework; name = CoreLocation.framework; path = System/Library/Frameworks/CoreLocation.framework; sourceTree = SDKROOT; };
		407147F519EB22AC003B683E /* CoreMotion.framework */ = {isa = PBXFileReference; lastKnownFileType = wrapper.framework; name = CoreMotion.framework; path = System/Library/Frameworks/CoreMotion.framework; sourceTree = SDKROOT; };
		407147F719EB2312003B683E /* Bug.png */ = {isa = PBXFileReference; lastKnownFileType = image.png; path = Bug.png; sourceTree = "<group>"; };
/* End PBXFileReference section */

/* Begin PBXFrameworksBuildPhase section */
		407147C719EB1D63003B683E /* Frameworks */ = {
			isa = PBXFrameworksBuildPhase;
			buildActionMask = 2147483647;
			files = (
				407147F619EB22AC003B683E /* CoreMotion.framework in Frameworks */,
				407147F419EB1D9E003B683E /* CoreLocation.framework in Frameworks */,
			);
			runOnlyForDeploymentPostprocessing = 0;
		};
		407147E019EB1D63003B683E /* Frameworks */ = {
			isa = PBXFrameworksBuildPhase;
			buildActionMask = 2147483647;
			files = (
			);
			runOnlyForDeploymentPostprocessing = 0;
		};
/* End PBXFrameworksBuildPhase section */

/* Begin PBXGroup section */
		407147C119EB1D63003B683E = {
			isa = PBXGroup;
			children = (
				407147F519EB22AC003B683E /* CoreMotion.framework */,
				407147F319EB1D9E003B683E /* CoreLocation.framework */,
				407147CC19EB1D63003B683E /* Kapitel 8 */,
				407147E619EB1D63003B683E /* Kapitel 8Tests */,
				407147CB19EB1D63003B683E /* Products */,
			);
			sourceTree = "<group>";
		};
		407147CB19EB1D63003B683E /* Products */ = {
			isa = PBXGroup;
			children = (
				407147CA19EB1D63003B683E /* Kapitel 8.app */,
				407147E319EB1D63003B683E /* Kapitel 8Tests.xctest */,
			);
			name = Products;
			sourceTree = "<group>";
		};
		407147CC19EB1D63003B683E /* Kapitel 8 */ = {
			isa = PBXGroup;
			children = (
				407147F719EB2312003B683E /* Bug.png */,
				407147D119EB1D63003B683E /* AppDelegate.h */,
				407147D219EB1D63003B683E /* AppDelegate.m */,
				407147D419EB1D63003B683E /* ViewController.h */,
				407147D519EB1D63003B683E /* ViewController.m */,
				407147D719EB1D63003B683E /* Main.storyboard */,
				407147DA19EB1D63003B683E /* Images.xcassets */,
				407147DC19EB1D63003B683E /* LaunchScreen.xib */,
				407147CD19EB1D63003B683E /* Supporting Files */,
			);
			path = "Kapitel 8";
			sourceTree = "<group>";
		};
		407147CD19EB1D63003B683E /* Supporting Files */ = {
			isa = PBXGroup;
			children = (
				407147CE19EB1D63003B683E /* Info.plist */,
				407147CF19EB1D63003B683E /* main.m */,
			);
			name = "Supporting Files";
			sourceTree = "<group>";
		};
		407147E619EB1D63003B683E /* Kapitel 8Tests */ = {
			isa = PBXGroup;
			children = (
				407147E919EB1D63003B683E /* Kapitel_8Tests.m */,
				407147E719EB1D63003B683E /* Supporting Files */,
			);
			path = "Kapitel 8Tests";
			sourceTree = "<group>";
		};
		407147E719EB1D63003B683E /* Supporting Files */ = {
			isa = PBXGroup;
			children = (
				407147E819EB1D63003B683E /* Info.plist */,
			);
			name = "Supporting Files";
			sourceTree = "<group>";
		};
/* End PBXGroup section */

/* Begin PBXNativeTarget section */
		407147C919EB1D63003B683E /* Kapitel 8 */ = {
			isa = PBXNativeTarget;
			buildConfigurationList = 407147ED19EB1D63003B683E /* Build configuration list for PBXNativeTarget "Kapitel 8" */;
			buildPhases = (
				407147C619EB1D63003B683E /* Sources */,
				407147C719EB1D63003B683E /* Frameworks */,
				407147C819EB1D63003B683E /* Resources */,
			);
			buildRules = (
			);
			dependencies = (
			);
			name = "Kapitel 8";
			productName = "Kapitel 8";
			productReference = 407147CA19EB1D63003B683E /* Kapitel 8.app */;
			productType = "com.apple.product-type.application";
		};
		407147E219EB1D63003B683E /* Kapitel 8Tests */ = {
			isa = PBXNativeTarget;
			buildConfigurationList = 407147F019EB1D63003B683E /* Build configuration list for PBXNativeTarget "Kapitel 8Tests" */;
			buildPhases = (
				407147DF19EB1D63003B683E /* Sources */,
				407147E019EB1D63003B683E /* Frameworks */,
				407147E119EB1D63003B683E /* Resources */,
			);
			buildRules = (
			);
			dependencies = (
				407147E519EB1D63003B683E /* PBXTargetDependency */,
			);
			name = "Kapitel 8Tests";
			productName = "Kapitel 8Tests";
			productReference = 407147E319EB1D63003B683E /* Kapitel 8Tests.xctest */;
			productType = "com.apple.product-type.bundle.unit-test";
		};
/* End PBXNativeTarget section */

/* Begin PBXProject section */
		407147C219EB1D63003B683E /* Project object */ = {
			isa = PBXProject;
			attributes = {
				LastUpgradeCheck = 0600;
				ORGANIZATIONNAME = Appnoe;
				TargetAttributes = {
					407147C919EB1D63003B683E = {
						CreatedOnToolsVersion = 6.0.1;
					};
					407147E219EB1D63003B683E = {
						CreatedOnToolsVersion = 6.0.1;
						TestTargetID = 407147C919EB1D63003B683E;
					};
				};
			};
			buildConfigurationList = 407147C519EB1D63003B683E /* Build configuration list for PBXProject "Kapitel 8" */;
			compatibilityVersion = "Xcode 3.2";
			developmentRegion = English;
			hasScannedForEncodings = 0;
			knownRegions = (
				en,
				Base,
			);
			mainGroup = 407147C119EB1D63003B683E;
			productRefGroup = 407147CB19EB1D63003B683E /* Products */;
			projectDirPath = "";
			projectRoot = "";
			targets = (
				407147C919EB1D63003B683E /* Kapitel 8 */,
				407147E219EB1D63003B683E /* Kapitel 8Tests */,
			);
		};
/* End PBXProject section */

/* Begin PBXResourcesBuildPhase section */
		407147C819EB1D63003B683E /* Resources */ = {
			isa = PBXResourcesBuildPhase;
			buildActionMask = 2147483647;
			files = (
				407147F819EB2312003B683E /* Bug.png in Resources */,
				407147D919EB1D63003B683E /* Main.storyboard in Resources */,
				407147DE19EB1D63003B683E /* LaunchScreen.xib in Resources */,
				407147DB19EB1D63003B683E /* Images.xcassets in Resources */,
			);
			runOnlyForDeploymentPostprocessing = 0;
		};
		407147E119EB1D63003B683E /* Resources */ = {
			isa = PBXResourcesBuildPhase;
			buildActionMask = 2147483647;
			files = (
			);
			runOnlyForDeploymentPostprocessing = 0;
		};
/* End PBXResourcesBuildPhase section */

/* Begin PBXSourcesBuildPhase section */
		407147C619EB1D63003B683E /* Sources */ = {
			isa = PBXSourcesBuildPhase;
			buildActionMask = 2147483647;
			files = (
				407147D619EB1D63003B683E /* ViewController.m in Sources */,
				407147D319EB1D63003B683E /* AppDelegate.m in Sources */,
				407147D019EB1D63003B683E /* main.m in Sources */,
			);
			runOnlyForDeploymentPostprocessing = 0;
		};
		407147DF19EB1D63003B683E /* Sources */ = {
			isa = PBXSourcesBuildPhase;
			buildActionMask = 2147483647;
			files = (
				407147EA19EB1D63003B683E /* Kapitel_8Tests.m in Sources */,
			);
			runOnlyForDeploymentPostprocessing = 0;
		};
/* End PBXSourcesBuildPhase section */

/* Begin PBXTargetDependency section */
		407147E519EB1D63003B683E /* PBXTargetDependency */ = {
			isa = PBXTargetDependency;
			target = 407147C919EB1D63003B683E /* Kapitel 8 */;
			targetProxy = 407147E419EB1D63003B683E /* PBXContainerItemProxy */;
		};
/* End PBXTargetDependency section */

/* Begin PBXVariantGroup section */
		407147D719EB1D63003B683E /* Main.storyboard */ = {
			isa = PBXVariantGroup;
			children = (
				407147D819EB1D63003B683E /* Base */,
			);
			name = Main.storyboard;
			sourceTree = "<group>";
		};
		407147DC19EB1D63003B683E /* LaunchScreen.xib */ = {
			isa = PBXVariantGroup;
			children = (
				407147DD19EB1D63003B683E /* Base */,
			);
			name = LaunchScreen.xib;
			sourceTree = "<group>";
		};
/* End PBXVariantGroup section */

/* Begin XCBuildConfiguration section */
		407147EB19EB1D63003B683E /* Debug */ = {
			isa = XCBuildConfiguration;
			buildSettings = {
				ALWAYS_SEARCH_USER_PATHS = NO;
				CLANG_CXX_LANGUAGE_STANDARD = "gnu++0x";
				CLANG_CXX_LIBRARY = "libc++";
				CLANG_ENABLE_MODULES = YES;
				CLANG_ENABLE_OBJC_ARC = YES;
				CLANG_WARN_BOOL_CONVERSION = YES;
				CLANG_WARN_CONSTANT_CONVERSION = YES;
				CLANG_WARN_DIRECT_OBJC_ISA_USAGE = YES_ERROR;
				CLANG_WARN_EMPTY_BODY = YES;
				CLANG_WARN_ENUM_CONVERSION = YES;
				CLANG_WARN_INT_CONVERSION = YES;
				CLANG_WARN_OBJC_ROOT_CLASS = YES_ERROR;
				CLANG_WARN_UNREACHABLE_CODE = YES;
				CLANG_WARN__DUPLICATE_METHOD_MATCH = YES;
				"CODE_SIGN_IDENTITY[sdk=iphoneos*]" = "iPhone Developer";
				COPY_PHASE_STRIP = NO;
				ENABLE_STRICT_OBJC_MSGSEND = YES;
				GCC_C_LANGUAGE_STANDARD = gnu99;
				GCC_DYNAMIC_NO_PIC = NO;
				GCC_OPTIMIZATION_LEVEL = 0;
				GCC_PREPROCESSOR_DEFINITIONS = (
					"DEBUG=1",
					"$(inherited)",
				);
				GCC_SYMBOLS_PRIVATE_EXTERN = NO;
				GCC_WARN_64_TO_32_BIT_CONVERSION = YES;
				GCC_WARN_ABOUT_RETURN_TYPE = YES_ERROR;
				GCC_WARN_UNDECLARED_SELECTOR = YES;
				GCC_WARN_UNINITIALIZED_AUTOS = YES_AGGRESSIVE;
				GCC_WARN_UNUSED_FUNCTION = YES;
				GCC_WARN_UNUSED_VARIABLE = YES;
				IPHONEOS_DEPLOYMENT_TARGET = 8.0;
				MTL_ENABLE_DEBUG_INFO = YES;
				ONLY_ACTIVE_ARCH = YES;
				SDKROOT = iphoneos;
			};
			name = Debug;
		};
		407147EC19EB1D63003B683E /* Release */ = {
			isa = XCBuildConfiguration;
			buildSettings = {
				ALWAYS_SEARCH_USER_PATHS = NO;
				CLANG_CXX_LANGUAGE_STANDARD = "gnu++0x";
				CLANG_CXX_LIBRARY = "libc++";
				CLANG_ENABLE_MODULES = YES;
				CLANG_ENABLE_OBJC_ARC = YES;
				CLANG_WARN_BOOL_CONVERSION = YES;
				CLANG_WARN_CONSTANT_CONVERSION = YES;
				CLANG_WARN_DIRECT_OBJC_ISA_USAGE = YES_ERROR;
				CLANG_WARN_EMPTY_BODY = YES;
				CLANG_WARN_ENUM_CONVERSION = YES;
				CLANG_WARN_INT_CONVERSION = YES;
				CLANG_WARN_OBJC_ROOT_CLASS = YES_ERROR;
				CLANG_WARN_UNREACHABLE_CODE = YES;
				CLANG_WARN__DUPLICATE_METHOD_MATCH = YES;
				"CODE_SIGN_IDENTITY[sdk=iphoneos*]" = "iPhone Developer";
				COPY_PHASE_STRIP = YES;
				ENABLE_NS_ASSERTIONS = NO;
				ENABLE_STRICT_OBJC_MSGSEND = YES;
				GCC_C_LANGUAGE_STANDARD = gnu99;
				GCC_WARN_64_TO_32_BIT_CONVERSION = YES;
				GCC_WARN_ABOUT_RETURN_TYPE = YES_ERROR;
				GCC_WARN_UNDECLARED_SELECTOR = YES;
				GCC_WARN_UNINITIALIZED_AUTOS = YES_AGGRESSIVE;
				GCC_WARN_UNUSED_FUNCTION = YES;
				GCC_WARN_UNUSED_VARIABLE = YES;
				IPHONEOS_DEPLOYMENT_TARGET = 8.0;
				MTL_ENABLE_DEBUG_INFO = NO;
				SDKROOT = iphoneos;
				VALIDATE_PRODUCT = YES;
			};
			name = Release;
		};
		407147EE19EB1D63003B683E /* Debug */ = {
			isa = XCBuildConfiguration;
			buildSettings = {
				ASSETCATALOG_COMPILER_APPICON_NAME = AppIcon;
				INFOPLIST_FILE = "Kapitel 8/Info.plist";
				LD_RUNPATH_SEARCH_PATHS = "$(inherited) @executable_path/Frameworks";
				PRODUCT_NAME = "$(TARGET_NAME)";
			};
			name = Debug;
		};
		407147EF19EB1D63003B683E /* Release */ = {
			isa = XCBuildConfiguration;
			buildSettings = {
				ASSETCATALOG_COMPILER_APPICON_NAME = AppIcon;
				INFOPLIST_FILE = "Kapitel 8/Info.plist";
				LD_RUNPATH_SEARCH_PATHS = "$(inherited) @executable_path/Frameworks";
				PRODUCT_NAME = "$(TARGET_NAME)";
			};
			name = Release;
		};
		407147F119EB1D63003B683E /* Debug */ = {
			isa = XCBuildConfiguration;
			buildSettings = {
				BUNDLE_LOADER = "$(TEST_HOST)";
				FRAMEWORK_SEARCH_PATHS = (
					"$(SDKROOT)/Developer/Library/Frameworks",
					"$(inherited)",
				);
				GCC_PREPROCESSOR_DEFINITIONS = (
					"DEBUG=1",
					"$(inherited)",
				);
				INFOPLIST_FILE = "Kapitel 8Tests/Info.plist";
				LD_RUNPATH_SEARCH_PATHS = "$(inherited) @executable_path/Frameworks @loader_path/Frameworks";
				PRODUCT_NAME = "$(TARGET_NAME)";
				TEST_HOST = "$(BUILT_PRODUCTS_DIR)/Kapitel 8.app/Kapitel 8";
			};
			name = Debug;
		};
		407147F219EB1D63003B683E /* Release */ = {
			isa = XCBuildConfiguration;
			buildSettings = {
				BUNDLE_LOADER = "$(TEST_HOST)";
				FRAMEWORK_SEARCH_PATHS = (
					"$(SDKROOT)/Developer/Library/Frameworks",
					"$(inherited)",
				);
				INFOPLIST_FILE = "Kapitel 8Tests/Info.plist";
				LD_RUNPATH_SEARCH_PATHS = "$(inherited) @executable_path/Frameworks @loader_path/Frameworks";
				PRODUCT_NAME = "$(TARGET_NAME)";
				TEST_HOST = "$(BUILT_PRODUCTS_DIR)/Kapitel 8.app/Kapitel 8";
			};
			name = Release;
		};
/* End XCBuildConfiguration section */

/* Begin XCConfigurationList section */
		407147C519EB1D63003B683E /* Build configuration list for PBXProject "Kapitel 8" */ = {
			isa = XCConfigurationList;
			buildConfigurations = (
				407147EB19EB1D63003B683E /* Debug */,
				407147EC19EB1D63003B683E /* Release */,
			);
			defaultConfigurationIsVisible = 0;
			defaultConfigurationName = Release;
		};
		407147ED19EB1D63003B683E /* Build configuration list for PBXNativeTarget "Kapitel 8" */ = {
			isa = XCConfigurationList;
			buildConfigurations = (
				407147EE19EB1D63003B683E /* Debug */,
				407147EF19EB1D63003B683E /* Release */,
			);
			defaultConfigurationIsVisible = 0;
		};
		407147F019EB1D63003B683E /* Build configuration list for PBXNativeTarget "Kapitel 8Tests" */ = {
			isa = XCConfigurationList;
			buildConfigurations = (
				407147F119EB1D63003B683E /* Debug */,
				407147F219EB1D63003B683E /* Release */,
			);
			defaultConfigurationIsVisible = 0;
		};
/* End XCConfigurationList section */
	};
	rootObject = 407147C219EB1D63003B683E /* Project object */;
}
